// !$*UTF8*$!
{
	archiveVersion = 1;
	classes = {
	};
	objectVersion = 56;
	objects = {

/* Begin PBXBuildFile section */
		12B453042BC5CAD000E7F1F5 /* QuizViewController.swift in Sources */ = {isa = PBXBuildFile; fileRef = 12B453032BC5CAD000E7F1F5 /* QuizViewController.swift */; };
		12B453062BC5D20B00E7F1F5 /* OptionsTableView.swift in Sources */ = {isa = PBXBuildFile; fileRef = 12B453052BC5D20B00E7F1F5 /* OptionsTableView.swift */; };
		12C592FB2BBEEFF200EDABD9 /* AppDelegate.swift in Sources */ = {isa = PBXBuildFile; fileRef = 12C592FA2BBEEFF200EDABD9 /* AppDelegate.swift */; };
		12C592FD2BBEEFF200EDABD9 /* SceneDelegate.swift in Sources */ = {isa = PBXBuildFile; fileRef = 12C592FC2BBEEFF200EDABD9 /* SceneDelegate.swift */; };
		12C593022BBEEFF200EDABD9 /* Main.storyboard in Resources */ = {isa = PBXBuildFile; fileRef = 12C593002BBEEFF200EDABD9 /* Main.storyboard */; };
		12C593042BBEEFF600EDABD9 /* Assets.xcassets in Resources */ = {isa = PBXBuildFile; fileRef = 12C593032BBEEFF600EDABD9 /* Assets.xcassets */; };
		12C593072BBEEFF600EDABD9 /* LaunchScreen.storyboard in Resources */ = {isa = PBXBuildFile; fileRef = 12C593052BBEEFF600EDABD9 /* LaunchScreen.storyboard */; };
		12C6A6E82BC4C55A00C1A46B /* QuizCompletionViewController.swift in Sources */ = {isa = PBXBuildFile; fileRef = 12C6A6E72BC4C55A00C1A46B /* QuizCompletionViewController.swift */; };
		12C6A6F12BC4C6EB00C1A46B /* ConfettiView.swift in Sources */ = {isa = PBXBuildFile; fileRef = 12C6A6F02BC4C6EB00C1A46B /* ConfettiView.swift */; };
		12C6A6F72BC53CA600C1A46B /* diamond.png in Resources */ = {isa = PBXBuildFile; fileRef = 12C6A6F32BC53CA600C1A46B /* diamond.png */; };
		12C6A6F82BC53CA600C1A46B /* star.png in Resources */ = {isa = PBXBuildFile; fileRef = 12C6A6F42BC53CA600C1A46B /* star.png */; };
		12C6A6F92BC53CA600C1A46B /* confetti.png in Resources */ = {isa = PBXBuildFile; fileRef = 12C6A6F52BC53CA600C1A46B /* confetti.png */; };
		12C6A6FA2BC53CA600C1A46B /* triangle.png in Resources */ = {isa = PBXBuildFile; fileRef = 12C6A6F62BC53CA600C1A46B /* triangle.png */; };
		12C6A6FE2BC5883D00C1A46B /* QALabel.swift in Sources */ = {isa = PBXBuildFile; fileRef = 12C6A6FD2BC5883D00C1A46B /* QALabel.swift */; };
		12E667902BC13EC90093780A /* StartQuizViewController.swift in Sources */ = {isa = PBXBuildFile; fileRef = 12E6678F2BC13EC90093780A /* StartQuizViewController.swift */; };
		12E667922BC1445E0093780A /* QuizMainViewController.swift in Sources */ = {isa = PBXBuildFile; fileRef = 12E667912BC1445E0093780A /* QuizMainViewController.swift */; };
		12E667952BC152C00093780A /* Question.swift in Sources */ = {isa = PBXBuildFile; fileRef = 12E667942BC152C00093780A /* Question.swift */; };
		12E667972BC153EE0093780A /* QuestionCollectionViewCell.swift in Sources */ = {isa = PBXBuildFile; fileRef = 12E667962BC153EE0093780A /* QuestionCollectionViewCell.swift */; };
		12E6679B2BC155CB0093780A /* OptionTableViewCell.swift in Sources */ = {isa = PBXBuildFile; fileRef = 12E6679A2BC155CB0093780A /* OptionTableViewCell.swift */; };
		12E667A12BC15BFF0093780A /* APIService.swift in Sources */ = {isa = PBXBuildFile; fileRef = 12E667A02BC15BFF0093780A /* APIService.swift */; };
		12E667A32BC15C240093780A /* APIError.swift in Sources */ = {isa = PBXBuildFile; fileRef = 12E667A22BC15C240093780A /* APIError.swift */; };
		12E667AE2BC436880093780A /* QuizService.swift in Sources */ = {isa = PBXBuildFile; fileRef = 12E667AD2BC436880093780A /* QuizService.swift */; };
		12E667B12BC47D130093780A /* PanesManager.swift in Sources */ = {isa = PBXBuildFile; fileRef = 12E667B02BC47D130093780A /* PanesManager.swift */; };
		12E667B42BC47F980093780A /* CustomView.swift in Sources */ = {isa = PBXBuildFile; fileRef = 12E667B32BC47F980093780A /* CustomView.swift */; };
/* End PBXBuildFile section */

/* Begin PBXFileReference section */
		12B453032BC5CAD000E7F1F5 /* QuizViewController.swift */ = {isa = PBXFileReference; lastKnownFileType = sourcecode.swift; path = QuizViewController.swift; sourceTree = "<group>"; };
		12B453052BC5D20B00E7F1F5 /* OptionsTableView.swift */ = {isa = PBXFileReference; lastKnownFileType = sourcecode.swift; path = OptionsTableView.swift; sourceTree = "<group>"; };
		12C592F72BBEEFF200EDABD9 /* QuizApp.app */ = {isa = PBXFileReference; explicitFileType = wrapper.application; includeInIndex = 0; path = QuizApp.app; sourceTree = BUILT_PRODUCTS_DIR; };
		12C592FA2BBEEFF200EDABD9 /* AppDelegate.swift */ = {isa = PBXFileReference; lastKnownFileType = sourcecode.swift; path = AppDelegate.swift; sourceTree = "<group>"; };
		12C592FC2BBEEFF200EDABD9 /* SceneDelegate.swift */ = {isa = PBXFileReference; lastKnownFileType = sourcecode.swift; path = SceneDelegate.swift; sourceTree = "<group>"; };
		12C593012BBEEFF200EDABD9 /* Base */ = {isa = PBXFileReference; lastKnownFileType = file.storyboard; name = Base; path = Base.lproj/Main.storyboard; sourceTree = "<group>"; };
		12C593032BBEEFF600EDABD9 /* Assets.xcassets */ = {isa = PBXFileReference; lastKnownFileType = folder.assetcatalog; path = Assets.xcassets; sourceTree = "<group>"; };
		12C593062BBEEFF600EDABD9 /* Base */ = {isa = PBXFileReference; lastKnownFileType = file.storyboard; name = Base; path = Base.lproj/LaunchScreen.storyboard; sourceTree = "<group>"; };
		12C593082BBEEFF600EDABD9 /* Info.plist */ = {isa = PBXFileReference; lastKnownFileType = text.plist.xml; path = Info.plist; sourceTree = "<group>"; };
		12C6A6E72BC4C55A00C1A46B /* QuizCompletionViewController.swift */ = {isa = PBXFileReference; lastKnownFileType = sourcecode.swift; path = QuizCompletionViewController.swift; sourceTree = "<group>"; };
		12C6A6F02BC4C6EB00C1A46B /* ConfettiView.swift */ = {isa = PBXFileReference; lastKnownFileType = sourcecode.swift; path = ConfettiView.swift; sourceTree = "<group>"; };
		12C6A6F32BC53CA600C1A46B /* diamond.png */ = {isa = PBXFileReference; lastKnownFileType = image.png; path = diamond.png; sourceTree = "<group>"; };
		12C6A6F42BC53CA600C1A46B /* star.png */ = {isa = PBXFileReference; lastKnownFileType = image.png; path = star.png; sourceTree = "<group>"; };
		12C6A6F52BC53CA600C1A46B /* confetti.png */ = {isa = PBXFileReference; lastKnownFileType = image.png; path = confetti.png; sourceTree = "<group>"; };
		12C6A6F62BC53CA600C1A46B /* triangle.png */ = {isa = PBXFileReference; lastKnownFileType = image.png; path = triangle.png; sourceTree = "<group>"; };
		12C6A6FD2BC5883D00C1A46B /* QALabel.swift */ = {isa = PBXFileReference; lastKnownFileType = sourcecode.swift; path = QALabel.swift; sourceTree = "<group>"; };
		12E6678F2BC13EC90093780A /* StartQuizViewController.swift */ = {isa = PBXFileReference; lastKnownFileType = sourcecode.swift; path = StartQuizViewController.swift; sourceTree = "<group>"; };
		12E667912BC1445E0093780A /* QuizMainViewController.swift */ = {isa = PBXFileReference; lastKnownFileType = sourcecode.swift; path = QuizMainViewController.swift; sourceTree = "<group>"; };
		12E667942BC152C00093780A /* Question.swift */ = {isa = PBXFileReference; lastKnownFileType = sourcecode.swift; path = Question.swift; sourceTree = "<group>"; };
		12E667962BC153EE0093780A /* QuestionCollectionViewCell.swift */ = {isa = PBXFileReference; lastKnownFileType = sourcecode.swift; path = QuestionCollectionViewCell.swift; sourceTree = "<group>"; };
		12E6679A2BC155CB0093780A /* OptionTableViewCell.swift */ = {isa = PBXFileReference; lastKnownFileType = sourcecode.swift; path = OptionTableViewCell.swift; sourceTree = "<group>"; };
		12E667A02BC15BFF0093780A /* APIService.swift */ = {isa = PBXFileReference; lastKnownFileType = sourcecode.swift; path = APIService.swift; sourceTree = "<group>"; };
		12E667A22BC15C240093780A /* APIError.swift */ = {isa = PBXFileReference; lastKnownFileType = sourcecode.swift; path = APIError.swift; sourceTree = "<group>"; };
		12E667AD2BC436880093780A /* QuizService.swift */ = {isa = PBXFileReference; lastKnownFileType = sourcecode.swift; path = QuizService.swift; sourceTree = "<group>"; };
		12E667B02BC47D130093780A /* PanesManager.swift */ = {isa = PBXFileReference; lastKnownFileType = sourcecode.swift; path = PanesManager.swift; sourceTree = "<group>"; };
		12E667B32BC47F980093780A /* CustomView.swift */ = {isa = PBXFileReference; lastKnownFileType = sourcecode.swift; path = CustomView.swift; sourceTree = "<group>"; };
/* End PBXFileReference section */

/* Begin PBXFrameworksBuildPhase section */
		12C592F42BBEEFF200EDABD9 /* Frameworks */ = {
			isa = PBXFrameworksBuildPhase;
			buildActionMask = 2147483647;
			files = (
			);
			runOnlyForDeploymentPostprocessing = 0;
		};
/* End PBXFrameworksBuildPhase section */

/* Begin PBXGroup section */
		12C592EE2BBEEFF200EDABD9 = {
			isa = PBXGroup;
			children = (
				12C592F92BBEEFF200EDABD9 /* QuizApp */,
				12C592F82BBEEFF200EDABD9 /* Products */,
			);
			sourceTree = "<group>";
		};
		12C592F82BBEEFF200EDABD9 /* Products */ = {
			isa = PBXGroup;
			children = (
				12C592F72BBEEFF200EDABD9 /* QuizApp.app */,
			);
			name = Products;
			sourceTree = "<group>";
		};
		12C592F92BBEEFF200EDABD9 /* QuizApp */ = {
			isa = PBXGroup;
			children = (
				12E667AF2BC47D000093780A /* Managers */,
				12E6679D2BC15B500093780A /* UI */,
				12E6679C2BC159D80093780A /* Network */,
				12E667932BC152B10093780A /* Models */,
				12C5931C2BC1263B00EDABD9 /* Resources */,
				12C592FA2BBEEFF200EDABD9 /* AppDelegate.swift */,
				12C592FC2BBEEFF200EDABD9 /* SceneDelegate.swift */,
				12C593082BBEEFF600EDABD9 /* Info.plist */,
			);
			path = QuizApp;
			sourceTree = "<group>";
		};
		12C5931C2BC1263B00EDABD9 /* Resources */ = {
			isa = PBXGroup;
			children = (
				12C6A6F22BC53C9500C1A46B /* Images */,
				12C593002BBEEFF200EDABD9 /* Main.storyboard */,
				12C593032BBEEFF600EDABD9 /* Assets.xcassets */,
				12C593052BBEEFF600EDABD9 /* LaunchScreen.storyboard */,
			);
			path = Resources;
			sourceTree = "<group>";
		};
		12C6A6F22BC53C9500C1A46B /* Images */ = {
			isa = PBXGroup;
			children = (
				12C6A6F52BC53CA600C1A46B /* confetti.png */,
				12C6A6F32BC53CA600C1A46B /* diamond.png */,
				12C6A6F42BC53CA600C1A46B /* star.png */,
				12C6A6F62BC53CA600C1A46B /* triangle.png */,
			);
			path = Images;
			sourceTree = "<group>";
		};
		12E667932BC152B10093780A /* Models */ = {
			isa = PBXGroup;
			children = (
				12E667942BC152C00093780A /* Question.swift */,
			);
			path = Models;
			sourceTree = "<group>";
		};
		12E6679C2BC159D80093780A /* Network */ = {
			isa = PBXGroup;
			children = (
				12E667A02BC15BFF0093780A /* APIService.swift */,
				12E667A22BC15C240093780A /* APIError.swift */,
				12E667AD2BC436880093780A /* QuizService.swift */,
			);
			path = Network;
			sourceTree = "<group>";
		};
		12E6679D2BC15B500093780A /* UI */ = {
			isa = PBXGroup;
			children = (
				12E667B22BC47F6F0093780A /* Components */,
				12E6678F2BC13EC90093780A /* StartQuizViewController.swift */,
				12E6679E2BC15B600093780A /* Question */,
				12C6A6E72BC4C55A00C1A46B /* QuizCompletionViewController.swift */,
			);
			path = UI;
			sourceTree = "<group>";
		};
		12E6679E2BC15B600093780A /* Question */ = {
			isa = PBXGroup;
			children = (
				12E6679F2BC15B9E0093780A /* Cells */,
				12E667912BC1445E0093780A /* QuizMainViewController.swift */,
				12B453032BC5CAD000E7F1F5 /* QuizViewController.swift */,
				12B453052BC5D20B00E7F1F5 /* OptionsTableView.swift */,
			);
			path = Question;
			sourceTree = "<group>";
		};
		12E6679F2BC15B9E0093780A /* Cells */ = {
			isa = PBXGroup;
			children = (
				12E667962BC153EE0093780A /* QuestionCollectionViewCell.swift */,
				12E6679A2BC155CB0093780A /* OptionTableViewCell.swift */,
			);
			path = Cells;
			sourceTree = "<group>";
		};
		12E667AF2BC47D000093780A /* Managers */ = {
			isa = PBXGroup;
			children = (
				12E667B02BC47D130093780A /* PanesManager.swift */,
			);
			path = Managers;
			sourceTree = "<group>";
		};
		12E667B22BC47F6F0093780A /* Components */ = {
			isa = PBXGroup;
			children = (
				12E667B32BC47F980093780A /* CustomView.swift */,
				12C6A6F02BC4C6EB00C1A46B /* ConfettiView.swift */,
				12C6A6FD2BC5883D00C1A46B /* QALabel.swift */,
			);
			path = Components;
			sourceTree = "<group>";
		};
/* End PBXGroup section */

/* Begin PBXNativeTarget section */
		12C592F62BBEEFF200EDABD9 /* QuizApp */ = {
			isa = PBXNativeTarget;
			buildConfigurationList = 12C5930B2BBEEFF600EDABD9 /* Build configuration list for PBXNativeTarget "QuizApp" */;
			buildPhases = (
				12C592F32BBEEFF200EDABD9 /* Sources */,
				12C592F42BBEEFF200EDABD9 /* Frameworks */,
				12C592F52BBEEFF200EDABD9 /* Resources */,
			);
			buildRules = (
			);
			dependencies = (
			);
			name = QuizApp;
			productName = QuizApp;
			productReference = 12C592F72BBEEFF200EDABD9 /* QuizApp.app */;
			productType = "com.apple.product-type.application";
		};
/* End PBXNativeTarget section */

/* Begin PBXProject section */
		12C592EF2BBEEFF200EDABD9 /* Project object */ = {
			isa = PBXProject;
			attributes = {
				BuildIndependentTargetsInParallel = 1;
				LastSwiftUpdateCheck = 1510;
				LastUpgradeCheck = 1510;
				TargetAttributes = {
					12C592F62BBEEFF200EDABD9 = {
						CreatedOnToolsVersion = 15.1;
					};
				};
			};
			buildConfigurationList = 12C592F22BBEEFF200EDABD9 /* Build configuration list for PBXProject "QuizApp" */;
			compatibilityVersion = "Xcode 14.0";
			developmentRegion = en;
			hasScannedForEncodings = 0;
			knownRegions = (
				en,
				Base,
			);
			mainGroup = 12C592EE2BBEEFF200EDABD9;
			productRefGroup = 12C592F82BBEEFF200EDABD9 /* Products */;
			projectDirPath = "";
			projectRoot = "";
			targets = (
				12C592F62BBEEFF200EDABD9 /* QuizApp */,
			);
		};
/* End PBXProject section */

/* Begin PBXResourcesBuildPhase section */
		12C592F52BBEEFF200EDABD9 /* Resources */ = {
			isa = PBXResourcesBuildPhase;
			buildActionMask = 2147483647;
			files = (
				12C593072BBEEFF600EDABD9 /* LaunchScreen.storyboard in Resources */,
				12C6A6F82BC53CA600C1A46B /* star.png in Resources */,
				12C593042BBEEFF600EDABD9 /* Assets.xcassets in Resources */,
				12C6A6F72BC53CA600C1A46B /* diamond.png in Resources */,
				12C593022BBEEFF200EDABD9 /* Main.storyboard in Resources */,
				12C6A6FA2BC53CA600C1A46B /* triangle.png in Resources */,
				12C6A6F92BC53CA600C1A46B /* confetti.png in Resources */,
			);
			runOnlyForDeploymentPostprocessing = 0;
		};
/* End PBXResourcesBuildPhase section */

/* Begin PBXSourcesBuildPhase section */
		12C592F32BBEEFF200EDABD9 /* Sources */ = {
			isa = PBXSourcesBuildPhase;
			buildActionMask = 2147483647;
			files = (
				12C6A6F12BC4C6EB00C1A46B /* ConfettiView.swift in Sources */,
				12E667952BC152C00093780A /* Question.swift in Sources */,
				12B453062BC5D20B00E7F1F5 /* OptionsTableView.swift in Sources */,
				12E667922BC1445E0093780A /* QuizMainViewController.swift in Sources */,
				12C6A6E82BC4C55A00C1A46B /* QuizCompletionViewController.swift in Sources */,
				12E667902BC13EC90093780A /* StartQuizViewController.swift in Sources */,
				12C592FB2BBEEFF200EDABD9 /* AppDelegate.swift in Sources */,
				12E667AE2BC436880093780A /* QuizService.swift in Sources */,
				12C6A6FE2BC5883D00C1A46B /* QALabel.swift in Sources */,
				12E667972BC153EE0093780A /* QuestionCollectionViewCell.swift in Sources */,
				12C592FD2BBEEFF200EDABD9 /* SceneDelegate.swift in Sources */,
				12E667A12BC15BFF0093780A /* APIService.swift in Sources */,
				12B453042BC5CAD000E7F1F5 /* QuizViewController.swift in Sources */,
				12E6679B2BC155CB0093780A /* OptionTableViewCell.swift in Sources */,
				12E667B42BC47F980093780A /* CustomView.swift in Sources */,
				12E667A32BC15C240093780A /* APIError.swift in Sources */,
				12E667B12BC47D130093780A /* PanesManager.swift in Sources */,
			);
			runOnlyForDeploymentPostprocessing = 0;
		};
/* End PBXSourcesBuildPhase section */

/* Begin PBXVariantGroup section */
		12C593002BBEEFF200EDABD9 /* Main.storyboard */ = {
			isa = PBXVariantGroup;
			children = (
				12C593012BBEEFF200EDABD9 /* Base */,
			);
			name = Main.storyboard;
			sourceTree = "<group>";
		};
		12C593052BBEEFF600EDABD9 /* LaunchScreen.storyboard */ = {
			isa = PBXVariantGroup;
			children = (
				12C593062BBEEFF600EDABD9 /* Base */,
			);
			name = LaunchScreen.storyboard;
			sourceTree = "<group>";
		};
/* End PBXVariantGroup section */

/* Begin XCBuildConfiguration section */
		12C593092BBEEFF600EDABD9 /* Debug */ = {
			isa = XCBuildConfiguration;
			buildSettings = {
				ALWAYS_SEARCH_USER_PATHS = NO;
				ASSETCATALOG_COMPILER_GENERATE_SWIFT_ASSET_SYMBOL_EXTENSIONS = YES;
				CLANG_ANALYZER_NONNULL = YES;
				CLANG_ANALYZER_NUMBER_OBJECT_CONVERSION = YES_AGGRESSIVE;
				CLANG_CXX_LANGUAGE_STANDARD = "gnu++20";
				CLANG_ENABLE_MODULES = YES;
				CLANG_ENABLE_OBJC_ARC = YES;
				CLANG_ENABLE_OBJC_WEAK = YES;
				CLANG_WARN_BLOCK_CAPTURE_AUTORELEASING = YES;
				CLANG_WARN_BOOL_CONVERSION = YES;
				CLANG_WARN_COMMA = YES;
				CLANG_WARN_CONSTANT_CONVERSION = YES;
				CLANG_WARN_DEPRECATED_OBJC_IMPLEMENTATIONS = YES;
				CLANG_WARN_DIRECT_OBJC_ISA_USAGE = YES_ERROR;
				CLANG_WARN_DOCUMENTATION_COMMENTS = YES;
				CLANG_WARN_EMPTY_BODY = YES;
				CLANG_WARN_ENUM_CONVERSION = YES;
				CLANG_WARN_INFINITE_RECURSION = YES;
				CLANG_WARN_INT_CONVERSION = YES;
				CLANG_WARN_NON_LITERAL_NULL_CONVERSION = YES;
				CLANG_WARN_OBJC_IMPLICIT_RETAIN_SELF = YES;
				CLANG_WARN_OBJC_LITERAL_CONVERSION = YES;
				CLANG_WARN_OBJC_ROOT_CLASS = YES_ERROR;
				CLANG_WARN_QUOTED_INCLUDE_IN_FRAMEWORK_HEADER = YES;
				CLANG_WARN_RANGE_LOOP_ANALYSIS = YES;
				CLANG_WARN_STRICT_PROTOTYPES = YES;
				CLANG_WARN_SUSPICIOUS_MOVE = YES;
				CLANG_WARN_UNGUARDED_AVAILABILITY = YES_AGGRESSIVE;
				CLANG_WARN_UNREACHABLE_CODE = YES;
				CLANG_WARN__DUPLICATE_METHOD_MATCH = YES;
				COPY_PHASE_STRIP = NO;
				DEBUG_INFORMATION_FORMAT = dwarf;
				ENABLE_STRICT_OBJC_MSGSEND = YES;
				ENABLE_TESTABILITY = YES;
				ENABLE_USER_SCRIPT_SANDBOXING = YES;
				GCC_C_LANGUAGE_STANDARD = gnu17;
				GCC_DYNAMIC_NO_PIC = NO;
				GCC_NO_COMMON_BLOCKS = YES;
				GCC_OPTIMIZATION_LEVEL = 0;
				GCC_PREPROCESSOR_DEFINITIONS = (
					"DEBUG=1",
					"$(inherited)",
				);
				GCC_WARN_64_TO_32_BIT_CONVERSION = YES;
				GCC_WARN_ABOUT_RETURN_TYPE = YES_ERROR;
				GCC_WARN_UNDECLARED_SELECTOR = YES;
				GCC_WARN_UNINITIALIZED_AUTOS = YES_AGGRESSIVE;
				GCC_WARN_UNUSED_FUNCTION = YES;
				GCC_WARN_UNUSED_VARIABLE = YES;
				IPHONEOS_DEPLOYMENT_TARGET = 17.2;
				LOCALIZATION_PREFERS_STRING_CATALOGS = YES;
				MTL_ENABLE_DEBUG_INFO = INCLUDE_SOURCE;
				MTL_FAST_MATH = YES;
				ONLY_ACTIVE_ARCH = YES;
				SDKROOT = iphoneos;
				SWIFT_ACTIVE_COMPILATION_CONDITIONS = "DEBUG $(inherited)";
				SWIFT_OPTIMIZATION_LEVEL = "-Onone";
			};
			name = Debug;
		};
		12C5930A2BBEEFF600EDABD9 /* Release */ = {
			isa = XCBuildConfiguration;
			buildSettings = {
				ALWAYS_SEARCH_USER_PATHS = NO;
				ASSETCATALOG_COMPILER_GENERATE_SWIFT_ASSET_SYMBOL_EXTENSIONS = YES;
				CLANG_ANALYZER_NONNULL = YES;
				CLANG_ANALYZER_NUMBER_OBJECT_CONVERSION = YES_AGGRESSIVE;
				CLANG_CXX_LANGUAGE_STANDARD = "gnu++20";
				CLANG_ENABLE_MODULES = YES;
				CLANG_ENABLE_OBJC_ARC = YES;
				CLANG_ENABLE_OBJC_WEAK = YES;
				CLANG_WARN_BLOCK_CAPTURE_AUTORELEASING = YES;
				CLANG_WARN_BOOL_CONVERSION = YES;
				CLANG_WARN_COMMA = YES;
				CLANG_WARN_CONSTANT_CONVERSION = YES;
				CLANG_WARN_DEPRECATED_OBJC_IMPLEMENTATIONS = YES;
				CLANG_WARN_DIRECT_OBJC_ISA_USAGE = YES_ERROR;
				CLANG_WARN_DOCUMENTATION_COMMENTS = YES;
				CLANG_WARN_EMPTY_BODY = YES;
				CLANG_WARN_ENUM_CONVERSION = YES;
				CLANG_WARN_INFINITE_RECURSION = YES;
				CLANG_WARN_INT_CONVERSION = YES;
				CLANG_WARN_NON_LITERAL_NULL_CONVERSION = YES;
				CLANG_WARN_OBJC_IMPLICIT_RETAIN_SELF = YES;
				CLANG_WARN_OBJC_LITERAL_CONVERSION = YES;
				CLANG_WARN_OBJC_ROOT_CLASS = YES_ERROR;
				CLANG_WARN_QUOTED_INCLUDE_IN_FRAMEWORK_HEADER = YES;
				CLANG_WARN_RANGE_LOOP_ANALYSIS = YES;
				CLANG_WARN_STRICT_PROTOTYPES = YES;
				CLANG_WARN_SUSPICIOUS_MOVE = YES;
				CLANG_WARN_UNGUARDED_AVAILABILITY = YES_AGGRESSIVE;
				CLANG_WARN_UNREACHABLE_CODE = YES;
				CLANG_WARN__DUPLICATE_METHOD_MATCH = YES;
				COPY_PHASE_STRIP = NO;
				DEBUG_INFORMATION_FORMAT = "dwarf-with-dsym";
				ENABLE_NS_ASSERTIONS = NO;
				ENABLE_STRICT_OBJC_MSGSEND = YES;
				ENABLE_USER_SCRIPT_SANDBOXING = YES;
				GCC_C_LANGUAGE_STANDARD = gnu17;
				GCC_NO_COMMON_BLOCKS = YES;
				GCC_WARN_64_TO_32_BIT_CONVERSION = YES;
				GCC_WARN_ABOUT_RETURN_TYPE = YES_ERROR;
				GCC_WARN_UNDECLARED_SELECTOR = YES;
				GCC_WARN_UNINITIALIZED_AUTOS = YES_AGGRESSIVE;
				GCC_WARN_UNUSED_FUNCTION = YES;
				GCC_WARN_UNUSED_VARIABLE = YES;
				IPHONEOS_DEPLOYMENT_TARGET = 17.2;
				LOCALIZATION_PREFERS_STRING_CATALOGS = YES;
				MTL_ENABLE_DEBUG_INFO = NO;
				MTL_FAST_MATH = YES;
				SDKROOT = iphoneos;
				SWIFT_COMPILATION_MODE = wholemodule;
				VALIDATE_PRODUCT = YES;
			};
			name = Release;
		};
		12C5930C2BBEEFF600EDABD9 /* Debug */ = {
			isa = XCBuildConfiguration;
			buildSettings = {
				ASSETCATALOG_COMPILER_APPICON_NAME = AppIcon;
				ASSETCATALOG_COMPILER_GLOBAL_ACCENT_COLOR_NAME = AccentColor;
				CODE_SIGN_STYLE = Automatic;
				CURRENT_PROJECT_VERSION = 1;
				DEVELOPMENT_TEAM = VF6356JP9Z;
				GENERATE_INFOPLIST_FILE = YES;
				INFOPLIST_FILE = QuizApp/Info.plist;
				INFOPLIST_KEY_UIApplicationSupportsIndirectInputEvents = YES;
				INFOPLIST_KEY_UILaunchStoryboardName = LaunchScreen;
				INFOPLIST_KEY_UIMainStoryboardFile = Main;
				INFOPLIST_KEY_UISupportedInterfaceOrientations_iPad = "UIInterfaceOrientationPortrait UIInterfaceOrientationPortraitUpsideDown UIInterfaceOrientationLandscapeLeft UIInterfaceOrientationLandscapeRight";
				INFOPLIST_KEY_UISupportedInterfaceOrientations_iPhone = "UIInterfaceOrientationPortrait UIInterfaceOrientationLandscapeLeft UIInterfaceOrientationLandscapeRight";
				LD_RUNPATH_SEARCH_PATHS = (
					"$(inherited)",
					"@executable_path/Frameworks",
				);
				MARKETING_VERSION = 1.0;
				PRODUCT_BUNDLE_IDENTIFIER = com.ssms.QuizApp;
				PRODUCT_NAME = "$(TARGET_NAME)";
				SWIFT_EMIT_LOC_STRINGS = YES;
				SWIFT_VERSION = 5.0;
				TARGETED_DEVICE_FAMILY = "1,2";
			};
			name = Debug;
		};
		12C5930D2BBEEFF600EDABD9 /* Release */ = {
			isa = XCBuildConfiguration;
			buildSettings = {
				ASSETCATALOG_COMPILER_APPICON_NAME = AppIcon;
				ASSETCATALOG_COMPILER_GLOBAL_ACCENT_COLOR_NAME = AccentColor;
				CODE_SIGN_STYLE = Automatic;
				CURRENT_PROJECT_VERSION = 1;
				DEVELOPMENT_TEAM = VF6356JP9Z;
				GENERATE_INFOPLIST_FILE = YES;
				INFOPLIST_FILE = QuizApp/Info.plist;
				INFOPLIST_KEY_UIApplicationSupportsIndirectInputEvents = YES;
				INFOPLIST_KEY_UILaunchStoryboardName = LaunchScreen;
				INFOPLIST_KEY_UIMainStoryboardFile = Main;
				INFOPLIST_KEY_UISupportedInterfaceOrientations_iPad = "UIInterfaceOrientationPortrait UIInterfaceOrientationPortraitUpsideDown UIInterfaceOrientationLandscapeLeft UIInterfaceOrientationLandscapeRight";
				INFOPLIST_KEY_UISupportedInterfaceOrientations_iPhone = "UIInterfaceOrientationPortrait UIInterfaceOrientationLandscapeLeft UIInterfaceOrientationLandscapeRight";
				LD_RUNPATH_SEARCH_PATHS = (
					"$(inherited)",
					"@executable_path/Frameworks",
				);
				MARKETING_VERSION = 1.0;
				PRODUCT_BUNDLE_IDENTIFIER = com.ssms.QuizApp;
				PRODUCT_NAME = "$(TARGET_NAME)";
				SWIFT_EMIT_LOC_STRINGS = YES;
				SWIFT_VERSION = 5.0;
				TARGETED_DEVICE_FAMILY = "1,2";
			};
			name = Release;
		};
/* End XCBuildConfiguration section */

/* Begin XCConfigurationList section */
		12C592F22BBEEFF200EDABD9 /* Build configuration list for PBXProject "QuizApp" */ = {
			isa = XCConfigurationList;
			buildConfigurations = (
				12C593092BBEEFF600EDABD9 /* Debug */,
				12C5930A2BBEEFF600EDABD9 /* Release */,
			);
			defaultConfigurationIsVisible = 0;
			defaultConfigurationName = Release;
		};
		12C5930B2BBEEFF600EDABD9 /* Build configuration list for PBXNativeTarget "QuizApp" */ = {
			isa = XCConfigurationList;
			buildConfigurations = (
				12C5930C2BBEEFF600EDABD9 /* Debug */,
				12C5930D2BBEEFF600EDABD9 /* Release */,
			);
			defaultConfigurationIsVisible = 0;
			defaultConfigurationName = Release;
		};
/* End XCConfigurationList section */
	};
	rootObject = 12C592EF2BBEEFF200EDABD9 /* Project object */;
}
